
Microsoft Visual Studio Solution File, Format Version 10.00
# Visual C++ Express 2008
Project("{8BC9CEB8-8B4A-11D0-8D11-00A0C91BC942}") = "hello world", "hello world\hello world.vcproj", "{E7BF862F-5BA9-4373-974F-68862C97623E}"
EndProject
Global
	GlobalSection(SolutionConfigurationPlatforms) = preSolution
		Debug|Win32 = Debug|Win32
		Release|Win32 = Release|Win32
	EndGlobalSection
	GlobalSection(ProjectConfigurationPlatforms) = postSolution
		{E7BF862F-5BA9-4373-974F-68862C97623E}.Debug|Win32.ActiveCfg = Debug|Win32
		{E7BF862F-5BA9-4373-974F-68862C97623E}.Debug|Win32.Build.0 = Debug|Win32
		{E7BF862F-5BA9-4373-974F-68862C97623E}.Release|Win32.ActiveCfg = Release|Win32
		{E7BF862F-5BA9-4373-974F-68862C97623E}.Release|Win32.Build.0 = Release|Win32
	EndGlobalSection
	GlobalSection(SolutionProperties) = preSolution
		HideSolutionNode = FALSE
	EndGlobalSection
EndGlobal
